
Microsoft Visual Studio Solution File, Format Version 12.00
# Visual Studio Version 16
VisualStudioVersion = 16.0.29814.53
MinimumVisualStudioVersion = 10.0.40219.1
Project("{9A19103F-16F7-4668-BE54-9A1E7A4F7556}") = "Schedule", "Schedule\Schedule.csproj", "{9ADDBFC1-1BBE-43E1-ABF0-3C4AD1739DF1}"
EndProject
Project("{9A19103F-16F7-4668-BE54-9A1E7A4F7556}") = "General", "General\General.csproj", "{9F51151D-697A-412F-8DA1-9A575CD3853F}"
EndProject
Project("{9A19103F-16F7-4668-BE54-9A1E7A4F7556}") = "Service", "Service\Service.csproj", "{92938ECB-3E58-4E76-BCE7-764BA68F7579}"
EndProject
Project("{9A19103F-16F7-4668-BE54-9A1E7A4F7556}") = "Transaction", "Transaction\Transaction.csproj", "{DC65E3FC-BF4C-4067-82F0-95B5D9C3AE6B}"
EndProject
Project("{2150E333-8FDC-42A3-9474-1A3956D46DE8}") = "Db", "Db", "{3482633D-6194-4A8E-AC0A-7A8C21862863}"
EndProject
Global
	GlobalSection(SolutionConfigurationPlatforms) = preSolution
		Debug|Any CPU = Debug|Any CPU
		Release|Any CPU = Release|Any CPU
	EndGlobalSection
	GlobalSection(ProjectConfigurationPlatforms) = postSolution
		{9ADDBFC1-1BBE-43E1-ABF0-3C4AD1739DF1}.Debug|Any CPU.ActiveCfg = Debug|Any CPU
		{9ADDBFC1-1BBE-43E1-ABF0-3C4AD1739DF1}.Debug|Any CPU.Build.0 = Debug|Any CPU
		{9ADDBFC1-1BBE-43E1-ABF0-3C4AD1739DF1}.Release|Any CPU.ActiveCfg = Release|Any CPU
		{9ADDBFC1-1BBE-43E1-ABF0-3C4AD1739DF1}.Release|Any CPU.Build.0 = Release|Any CPU
		{9F51151D-697A-412F-8DA1-9A575CD3853F}.Debug|Any CPU.ActiveCfg = Debug|Any CPU
		{9F51151D-697A-412F-8DA1-9A575CD3853F}.Debug|Any CPU.Build.0 = Debug|Any CPU
		{9F51151D-697A-412F-8DA1-9A575CD3853F}.Release|Any CPU.ActiveCfg = Release|Any CPU
		{9F51151D-697A-412F-8DA1-9A575CD3853F}.Release|Any CPU.Build.0 = Release|Any CPU
		{92938ECB-3E58-4E76-BCE7-764BA68F7579}.Debug|Any CPU.ActiveCfg = Debug|Any CPU
		{92938ECB-3E58-4E76-BCE7-764BA68F7579}.Debug|Any CPU.Build.0 = Debug|Any CPU
		{92938ECB-3E58-4E76-BCE7-764BA68F7579}.Release|Any CPU.ActiveCfg = Release|Any CPU
		{92938ECB-3E58-4E76-BCE7-764BA68F7579}.Release|Any CPU.Build.0 = Release|Any CPU
		{DC65E3FC-BF4C-4067-82F0-95B5D9C3AE6B}.Debug|Any CPU.ActiveCfg = Debug|Any CPU
		{DC65E3FC-BF4C-4067-82F0-95B5D9C3AE6B}.Debug|Any CPU.Build.0 = Debug|Any CPU
		{DC65E3FC-BF4C-4067-82F0-95B5D9C3AE6B}.Release|Any CPU.ActiveCfg = Release|Any CPU
		{DC65E3FC-BF4C-4067-82F0-95B5D9C3AE6B}.Release|Any CPU.Build.0 = Release|Any CPU
	EndGlobalSection
	GlobalSection(SolutionProperties) = preSolution
		HideSolutionNode = FALSE
	EndGlobalSection
	GlobalSection(ExtensibilityGlobals) = postSolution
		SolutionGuid = {97998B43-2FF7-454F-AF5F-3939B297A03A}
	EndGlobalSection
EndGlobal
